
Microsoft Visual Studio Solution File, Format Version 12.00
# Visual Studio Version 17
VisualStudioVersion = 17.14.37027.9 d17.14
MinimumVisualStudioVersion = 10.0.40219.1
Project("{FAE04EC0-301F-11D3-BF4B-00C04F79EFBC}") = "ChatbotAI2", "ChatbotAI2\ChatbotAI2.csproj", "{C526EA22-52E1-4CFF-BA02-964AD4781239}"
EndProject
Global
	GlobalSection(SolutionConfigurationPlatforms) = preSolution
		Debug|Any CPU = Debug|Any CPU
		Release|Any CPU = Release|Any CPU
	EndGlobalSection
	GlobalSection(ProjectConfigurationPlatforms) = postSolution
		{C526EA22-52E1-4CFF-BA02-964AD4781239}.Debug|Any CPU.ActiveCfg = Debug|Any CPU
		{C526EA22-52E1-4CFF-BA02-964AD4781239}.Debug|Any CPU.Build.0 = Debug|Any CPU
		{C526EA22-52E1-4CFF-BA02-964AD4781239}.Release|Any CPU.ActiveCfg = Release|Any CPU
		{C526EA22-52E1-4CFF-BA02-964AD4781239}.Release|Any CPU.Build.0 = Release|Any CPU
	EndGlobalSection
	GlobalSection(SolutionProperties) = preSolution
		HideSolutionNode = FALSE
	EndGlobalSection
	GlobalSection(ExtensibilityGlobals) = postSolution
		SolutionGuid = {3088E218-4691-40A1-AAF2-77CDCCD51F45}
	EndGlobalSection
EndGlobal
